
Microsoft Visual Studio Solution File, Format Version 12.00
# Visual Studio Version 17
VisualStudioVersion = 17.14.36121.58 d17.14
MinimumVisualStudioVersion = 10.0.40219.1
Project("{FAE04EC0-301F-11D3-BF4B-00C04F79EFBC}") = "UI Elements and Handle Events", "UI Elements and Handle Events\UI Elements and Handle Events.csproj", "{51EE1F49-B194-4A23-B173-41E6B67EEDC7}"
EndProject
Global
	GlobalSection(SolutionConfigurationPlatforms) = preSolution
		Debug|Any CPU = Debug|Any CPU
		Release|Any CPU = Release|Any CPU
	EndGlobalSection
	GlobalSection(ProjectConfigurationPlatforms) = postSolution
		{51EE1F49-B194-4A23-B173-41E6B67EEDC7}.Debug|Any CPU.ActiveCfg = Debug|Any CPU
		{51EE1F49-B194-4A23-B173-41E6B67EEDC7}.Debug|Any CPU.Build.0 = Debug|Any CPU
		{51EE1F49-B194-4A23-B173-41E6B67EEDC7}.Release|Any CPU.ActiveCfg = Release|Any CPU
		{51EE1F49-B194-4A23-B173-41E6B67EEDC7}.Release|Any CPU.Build.0 = Release|Any CPU
	EndGlobalSection
	GlobalSection(SolutionProperties) = preSolution
		HideSolutionNode = FALSE
	EndGlobalSection
	GlobalSection(ExtensibilityGlobals) = postSolution
		SolutionGuid = {576BABAD-A4EA-44CB-AD49-ABE0E6A86E7A}
	EndGlobalSection
EndGlobal
